lockfileVersion: '9.0'

settings:
  autoInstallPeers: true
  excludeLinksFromLockfile: false

importers:

  .:
    devDependencies:
      redprint-forge:
        specifier: ^0.2.2
        version: 0.2.2

packages:

  redprint-forge@0.2.2:
    resolution: {integrity: sha512-YU6rb7zXB/LY1hIdz78HuJvT//yRC2mxxkOVJXlxbNfoCnT3kXGLDbuVWYsfb2KBcADXOENbYhTvoeGS3NSE5g==}

snapshots:

  redprint-forge@0.2.2: {}
